
Microsoft Visual Studio Solution File, Format Version 12.00
# Visual Studio Version 16
VisualStudioVersion = 16.0.29424.173
MinimumVisualStudioVersion = 10.0.40219.1
Project("{FAE04EC0-301F-11D3-BF4B-00C04F79EFBC}") = "JeremyAnsel.HLSL.Targets", "JeremyAnsel.HLSL.Targets\JeremyAnsel.HLSL.Targets.csproj", "{DE6C2DC4-C1BA-499F-AC71-0EBEAE19CEF4}"
EndProject
Global
	GlobalSection(SolutionConfigurationPlatforms) = preSolution
		Debug|Any CPU = Debug|Any CPU
		Release|Any CPU = Release|Any CPU
	EndGlobalSection
	GlobalSection(ProjectConfigurationPlatforms) = postSolution
		{DE6C2DC4-C1BA-499F-AC71-0EBEAE19CEF4}.Debug|Any CPU.ActiveCfg = Debug|Any CPU
		{DE6C2DC4-C1BA-499F-AC71-0EBEAE19CEF4}.Debug|Any CPU.Build.0 = Debug|Any CPU
		{DE6C2DC4-C1BA-499F-AC71-0EBEAE19CEF4}.Release|Any CPU.ActiveCfg = Release|Any CPU
		{DE6C2DC4-C1BA-499F-AC71-0EBEAE19CEF4}.Release|Any CPU.Build.0 = Release|Any CPU
	EndGlobalSection
	GlobalSection(SolutionProperties) = preSolution
		HideSolutionNode = FALSE
	EndGlobalSection
	GlobalSection(ExtensibilityGlobals) = postSolution
		SolutionGuid = {77EFA15C-964A-422F-A3CE-1F6B6F508DEA}
	EndGlobalSection
EndGlobal
